
Microsoft Visual Studio Solution File, Format Version 12.00
# Visual Studio Version 17
VisualStudioVersion = 17.1.32228.430
MinimumVisualStudioVersion = 10.0.40219.1
Project("{FAE04EC0-301F-11D3-BF4B-00C04F79EFBC}") = "CalculadoraMontos", "CalculadoraMontos\CalculadoraMontos.csproj", "{6987729A-CFCD-456D-AC23-05E0CFDAA1A9}"
EndProject
Project("{FAE04EC0-301F-11D3-BF4B-00C04F79EFBC}") = "PromedioNotas", "PromedioNotas\PromedioNotas.csproj", "{E826D37A-CFDF-476D-A53D-E07F2EFF39E4}"
EndProject
Project("{FAE04EC0-301F-11D3-BF4B-00C04F79EFBC}") = "ConsoleApp1", "ConsoleApp1\ConsoleApp1.csproj", "{2307314E-4CBE-4A7B-B105-D139AC32104D}"
EndProject
Project("{FAE04EC0-301F-11D3-BF4B-00C04F79EFBC}") = "CapitalEmpresa", "CapitalEmpresa\CapitalEmpresa.csproj", "{C26B714F-0989-4EFA-B49E-DB5A9FC8D0F7}"
EndProject
Global
	GlobalSection(SolutionConfigurationPlatforms) = preSolution
		Debug|Any CPU = Debug|Any CPU
		Release|Any CPU = Release|Any CPU
	EndGlobalSection
	GlobalSection(ProjectConfigurationPlatforms) = postSolution
		{6987729A-CFCD-456D-AC23-05E0CFDAA1A9}.Debug|Any CPU.ActiveCfg = Debug|Any CPU
		{6987729A-CFCD-456D-AC23-05E0CFDAA1A9}.Debug|Any CPU.Build.0 = Debug|Any CPU
		{6987729A-CFCD-456D-AC23-05E0CFDAA1A9}.Release|Any CPU.ActiveCfg = Release|Any CPU
		{6987729A-CFCD-456D-AC23-05E0CFDAA1A9}.Release|Any CPU.Build.0 = Release|Any CPU
		{E826D37A-CFDF-476D-A53D-E07F2EFF39E4}.Debug|Any CPU.ActiveCfg = Debug|Any CPU
		{E826D37A-CFDF-476D-A53D-E07F2EFF39E4}.Debug|Any CPU.Build.0 = Debug|Any CPU
		{E826D37A-CFDF-476D-A53D-E07F2EFF39E4}.Release|Any CPU.ActiveCfg = Release|Any CPU
		{E826D37A-CFDF-476D-A53D-E07F2EFF39E4}.Release|Any CPU.Build.0 = Release|Any CPU
		{2307314E-4CBE-4A7B-B105-D139AC32104D}.Debug|Any CPU.ActiveCfg = Debug|Any CPU
		{2307314E-4CBE-4A7B-B105-D139AC32104D}.Debug|Any CPU.Build.0 = Debug|Any CPU
		{2307314E-4CBE-4A7B-B105-D139AC32104D}.Release|Any CPU.ActiveCfg = Release|Any CPU
		{2307314E-4CBE-4A7B-B105-D139AC32104D}.Release|Any CPU.Build.0 = Release|Any CPU
		{C26B714F-0989-4EFA-B49E-DB5A9FC8D0F7}.Debug|Any CPU.ActiveCfg = Debug|Any CPU
		{C26B714F-0989-4EFA-B49E-DB5A9FC8D0F7}.Debug|Any CPU.Build.0 = Debug|Any CPU
		{C26B714F-0989-4EFA-B49E-DB5A9FC8D0F7}.Release|Any CPU.ActiveCfg = Release|Any CPU
		{C26B714F-0989-4EFA-B49E-DB5A9FC8D0F7}.Release|Any CPU.Build.0 = Release|Any CPU
	EndGlobalSection
	GlobalSection(SolutionProperties) = preSolution
		HideSolutionNode = FALSE
	EndGlobalSection
	GlobalSection(ExtensibilityGlobals) = postSolution
		SolutionGuid = {98C24CDE-7074-47EE-9F34-272E412D458F}
	EndGlobalSection
EndGlobal
